// !$*UTF8*$!
{
	archiveVersion = 1;
	classes = {
	};
	objectVersion = 50;
	objects = {

/* Begin PBXBuildFile section */
		97636D112458A10E00A335C8 /* AppDelegate.swift in Sources */ = {isa = PBXBuildFile; fileRef = 97636D102458A10E00A335C8 /* AppDelegate.swift */; };
		97636D132458A10E00A335C8 /* SceneDelegate.swift in Sources */ = {isa = PBXBuildFile; fileRef = 97636D122458A10E00A335C8 /* SceneDelegate.swift */; };
		97636D152458A10E00A335C8 /* UIViewControllerExtensions.swift in Sources */ = {isa = PBXBuildFile; fileRef = 97636D142458A10E00A335C8 /* UIViewControllerExtensions.swift */; };
		97636D182458A10E00A335C8 /* Main.storyboard in Resources */ = {isa = PBXBuildFile; fileRef = 97636D162458A10E00A335C8 /* Main.storyboard */; };
		97636D1A2458A11100A335C8 /* Assets.xcassets in Resources */ = {isa = PBXBuildFile; fileRef = 97636D192458A11100A335C8 /* Assets.xcassets */; };
		97636D1D2458A11100A335C8 /* LaunchScreen.storyboard in Resources */ = {isa = PBXBuildFile; fileRef = 97636D1B2458A11100A335C8 /* LaunchScreen.storyboard */; };
		978B83672477537100307D19 /* AddHabitViewController.xib in Resources */ = {isa = PBXBuildFile; fileRef = 978B83582477537000307D19 /* AddHabitViewController.xib */; };
		978B83682477537100307D19 /* Habit.swift in Sources */ = {isa = PBXBuildFile; fileRef = 978B83592477537000307D19 /* Habit.swift */; };
		978B83692477537100307D19 /* ConfirmHabitViewController.xib in Resources */ = {isa = PBXBuildFile; fileRef = 978B835A2477537000307D19 /* ConfirmHabitViewController.xib */; };
		978B836A2477537100307D19 /* ConfirmHabitViewController.swift in Sources */ = {isa = PBXBuildFile; fileRef = 978B835B2477537000307D19 /* ConfirmHabitViewController.swift */; };
		978B836B2477537100307D19 /* AddHabitViewController.swift in Sources */ = {isa = PBXBuildFile; fileRef = 978B835C2477537000307D19 /* AddHabitViewController.swift */; };
		978B836C2477537100307D19 /* HabitImageCollectionViewCell.swift in Sources */ = {isa = PBXBuildFile; fileRef = 978B835D2477537000307D19 /* HabitImageCollectionViewCell.swift */; };
		978B836D2477537100307D19 /* HabitDetailViewController.swift in Sources */ = {isa = PBXBuildFile; fileRef = 978B835E2477537000307D19 /* HabitDetailViewController.swift */; };
		978B836E2477537100307D19 /* HabitsTableViewController.swift in Sources */ = {isa = PBXBuildFile; fileRef = 978B835F2477537000307D19 /* HabitsTableViewController.swift */; };
		978B836F2477537100307D19 /* DateExtentions.swift in Sources */ = {isa = PBXBuildFile; fileRef = 978B83602477537100307D19 /* DateExtentions.swift */; };
		978B83702477537100307D19 /* HabitImageCollectionViewCell.xib in Resources */ = {isa = PBXBuildFile; fileRef = 978B83612477537100307D19 /* HabitImageCollectionViewCell.xib */; };
		978B83712477537100307D19 /* HabitsTableViewController.xib in Resources */ = {isa = PBXBuildFile; fileRef = 978B83622477537100307D19 /* HabitsTableViewController.xib */; };
		978B83722477537100307D19 /* HabitTableViewCell.xib in Resources */ = {isa = PBXBuildFile; fileRef = 978B83632477537100307D19 /* HabitTableViewCell.xib */; };
		978B83732477537100307D19 /* PersistenceLayer.swift in Sources */ = {isa = PBXBuildFile; fileRef = 978B83642477537100307D19 /* PersistenceLayer.swift */; };
		978B83742477537100307D19 /* HabitDetailViewController.xib in Resources */ = {isa = PBXBuildFile; fileRef = 978B83652477537100307D19 /* HabitDetailViewController.xib */; };
		978B83752477537100307D19 /* HabitTableViewCell.swift in Sources */ = {isa = PBXBuildFile; fileRef = 978B83662477537100307D19 /* HabitTableViewCell.swift */; };
/* End PBXBuildFile section */

/* Begin PBXFileReference section */
		97636D0D2458A10E00A335C8 /* Habitual.app */ = {isa = PBXFileReference; explicitFileType = wrapper.application; includeInIndex = 0; path = Habitual.app; sourceTree = BUILT_PRODUCTS_DIR; };
		97636D102458A10E00A335C8 /* AppDelegate.swift */ = {isa = PBXFileReference; lastKnownFileType = sourcecode.swift; path = AppDelegate.swift; sourceTree = "<group>"; };
		97636D122458A10E00A335C8 /* SceneDelegate.swift */ = {isa = PBXFileReference; lastKnownFileType = sourcecode.swift; path = SceneDelegate.swift; sourceTree = "<group>"; };
		97636D142458A10E00A335C8 /* UIViewControllerExtensions.swift */ = {isa = PBXFileReference; lastKnownFileType = sourcecode.swift; path = UIViewControllerExtensions.swift; sourceTree = "<group>"; };
		97636D172458A10E00A335C8 /* Base */ = {isa = PBXFileReference; lastKnownFileType = file.storyboard; name = Base; path = Base.lproj/Main.storyboard; sourceTree = "<group>"; };
		97636D192458A11100A335C8 /* Assets.xcassets */ = {isa = PBXFileReference; lastKnownFileType = folder.assetcatalog; path = Assets.xcassets; sourceTree = "<group>"; };
		97636D1C2458A11100A335C8 /* Base */ = {isa = PBXFileReference; lastKnownFileType = file.storyboard; name = Base; path = Base.lproj/LaunchScreen.storyboard; sourceTree = "<group>"; };
		97636D1E2458A11100A335C8 /* Info.plist */ = {isa = PBXFileReference; lastKnownFileType = text.plist.xml; path = Info.plist; sourceTree = "<group>"; };
		978B83582477537000307D19 /* AddHabitViewController.xib */ = {isa = PBXFileReference; fileEncoding = 4; lastKnownFileType = file.xib; path = AddHabitViewController.xib; sourceTree = "<group>"; };
		978B83592477537000307D19 /* Habit.swift */ = {isa = PBXFileReference; fileEncoding = 4; lastKnownFileType = sourcecode.swift; path = Habit.swift; sourceTree = "<group>"; };
		978B835A2477537000307D19 /* ConfirmHabitViewController.xib */ = {isa = PBXFileReference; fileEncoding = 4; lastKnownFileType = file.xib; path = ConfirmHabitViewController.xib; sourceTree = "<group>"; };
		978B835B2477537000307D19 /* ConfirmHabitViewController.swift */ = {isa = PBXFileReference; fileEncoding = 4; lastKnownFileType = sourcecode.swift; path = ConfirmHabitViewController.swift; sourceTree = "<group>"; };
		978B835C2477537000307D19 /* AddHabitViewController.swift */ = {isa = PBXFileReference; fileEncoding = 4; lastKnownFileType = sourcecode.swift; path = AddHabitViewController.swift; sourceTree = "<group>"; };
		978B835D2477537000307D19 /* HabitImageCollectionViewCell.swift */ = {isa = PBXFileReference; fileEncoding = 4; lastKnownFileType = sourcecode.swift; path = HabitImageCollectionViewCell.swift; sourceTree = "<group>"; };
		978B835E2477537000307D19 /* HabitDetailViewController.swift */ = {isa = PBXFileReference; fileEncoding = 4; lastKnownFileType = sourcecode.swift; path = HabitDetailViewController.swift; sourceTree = "<group>"; };
		978B835F2477537000307D19 /* HabitsTableViewController.swift */ = {isa = PBXFileReference; fileEncoding = 4; lastKnownFileType = sourcecode.swift; path = HabitsTableViewController.swift; sourceTree = "<group>"; };
		978B83602477537100307D19 /* DateExtentions.swift */ = {isa = PBXFileReference; fileEncoding = 4; lastKnownFileType = sourcecode.swift; path = DateExtentions.swift; sourceTree = "<group>"; };
		978B83612477537100307D19 /* HabitImageCollectionViewCell.xib */ = {isa = PBXFileReference; fileEncoding = 4; lastKnownFileType = file.xib; path = HabitImageCollectionViewCell.xib; sourceTree = "<group>"; };
		978B83622477537100307D19 /* HabitsTableViewController.xib */ = {isa = PBXFileReference; fileEncoding = 4; lastKnownFileType = file.xib; path = HabitsTableViewController.xib; sourceTree = "<group>"; };
		978B83632477537100307D19 /* HabitTableViewCell.xib */ = {isa = PBXFileReference; fileEncoding = 4; lastKnownFileType = file.xib; path = HabitTableViewCell.xib; sourceTree = "<group>"; };
		978B83642477537100307D19 /* PersistenceLayer.swift */ = {isa = PBXFileReference; fileEncoding = 4; lastKnownFileType = sourcecode.swift; path = PersistenceLayer.swift; sourceTree = "<group>"; };
		978B83652477537100307D19 /* HabitDetailViewController.xib */ = {isa = PBXFileReference; fileEncoding = 4; lastKnownFileType = file.xib; path = HabitDetailViewController.xib; sourceTree = "<group>"; };
		978B83662477537100307D19 /* HabitTableViewCell.swift */ = {isa = PBXFileReference; fileEncoding = 4; lastKnownFileType = sourcecode.swift; path = HabitTableViewCell.swift; sourceTree = "<group>"; };
/* End PBXFileReference section */

/* Begin PBXFrameworksBuildPhase section */
		97636D0A2458A10E00A335C8 /* Frameworks */ = {
			isa = PBXFrameworksBuildPhase;
			buildActionMask = 2147483647;
			files = (
			);
			runOnlyForDeploymentPostprocessing = 0;
		};
/* End PBXFrameworksBuildPhase section */

/* Begin PBXGroup section */
		97636D042458A10E00A335C8 = {
			isa = PBXGroup;
			children = (
				97636D0F2458A10E00A335C8 /* Habitual */,
				97636D0E2458A10E00A335C8 /* Products */,
			);
			sourceTree = "<group>";
		};
		97636D0E2458A10E00A335C8 /* Products */ = {
			isa = PBXGroup;
			children = (
				97636D0D2458A10E00A335C8 /* Habitual.app */,
			);
			name = Products;
			sourceTree = "<group>";
		};
		97636D0F2458A10E00A335C8 /* Habitual */ = {
			isa = PBXGroup;
			children = (
				97636D102458A10E00A335C8 /* AppDelegate.swift */,
				97636D122458A10E00A335C8 /* SceneDelegate.swift */,
				97636D142458A10E00A335C8 /* UIViewControllerExtensions.swift */,
				978B8357247752F700307D19 /* Views */,
				97636D162458A10E00A335C8 /* Main.storyboard */,
				97636D192458A11100A335C8 /* Assets.xcassets */,
				97636D1B2458A11100A335C8 /* LaunchScreen.storyboard */,
				97636D1E2458A11100A335C8 /* Info.plist */,
			);
			path = Habitual;
			sourceTree = "<group>";
		};
		978B8357247752F700307D19 /* Views */ = {
			isa = PBXGroup;
			children = (
				978B835C2477537000307D19 /* AddHabitViewController.swift */,
				978B83582477537000307D19 /* AddHabitViewController.xib */,
				978B835B2477537000307D19 /* ConfirmHabitViewController.swift */,
				978B835A2477537000307D19 /* ConfirmHabitViewController.xib */,
				978B83602477537100307D19 /* DateExtentions.swift */,
				978B83592477537000307D19 /* Habit.swift */,
				978B835E2477537000307D19 /* HabitDetailViewController.swift */,
				978B83652477537100307D19 /* HabitDetailViewController.xib */,
				978B835D2477537000307D19 /* HabitImageCollectionViewCell.swift */,
				978B83612477537100307D19 /* HabitImageCollectionViewCell.xib */,
				978B835F2477537000307D19 /* HabitsTableViewController.swift */,
				978B83622477537100307D19 /* HabitsTableViewController.xib */,
				978B83662477537100307D19 /* HabitTableViewCell.swift */,
				978B83632477537100307D19 /* HabitTableViewCell.xib */,
				978B83642477537100307D19 /* PersistenceLayer.swift */,
			);
			path = Views;
			sourceTree = "<group>";
		};
/* End PBXGroup section */

/* Begin PBXNativeTarget section */
		97636D0C2458A10E00A335C8 /* Habitual */ = {
			isa = PBXNativeTarget;
			buildConfigurationList = 97636D212458A11100A335C8 /* Build configuration list for PBXNativeTarget "Habitual" */;
			buildPhases = (
				97636D092458A10E00A335C8 /* Sources */,
				97636D0A2458A10E00A335C8 /* Frameworks */,
				97636D0B2458A10E00A335C8 /* Resources */,
			);
			buildRules = (
			);
			dependencies = (
			);
			name = Habitual;
			productName = Habitual;
			productReference = 97636D0D2458A10E00A335C8 /* Habitual.app */;
			productType = "com.apple.product-type.application";
		};
/* End PBXNativeTarget section */

/* Begin PBXProject section */
		97636D052458A10E00A335C8 /* Project object */ = {
			isa = PBXProject;
			attributes = {
				LastSwiftUpdateCheck = 1140;
				LastUpgradeCheck = 1140;
				ORGANIZATIONNAME = "Make School";
				TargetAttributes = {
					97636D0C2458A10E00A335C8 = {
						CreatedOnToolsVersion = 11.4.1;
					};
				};
			};
			buildConfigurationList = 97636D082458A10E00A335C8 /* Build configuration list for PBXProject "Habitual" */;
			compatibilityVersion = "Xcode 9.3";
			developmentRegion = en;
			hasScannedForEncodings = 0;
			knownRegions = (
				en,
				Base,
			);
			mainGroup = 97636D042458A10E00A335C8;
			productRefGroup = 97636D0E2458A10E00A335C8 /* Products */;
			projectDirPath = "";
			projectRoot = "";
			targets = (
				97636D0C2458A10E00A335C8 /* Habitual */,
			);
		};
/* End PBXProject section */

/* Begin PBXResourcesBuildPhase section */
		97636D0B2458A10E00A335C8 /* Resources */ = {
			isa = PBXResourcesBuildPhase;
			buildActionMask = 2147483647;
			files = (
				97636D1D2458A11100A335C8 /* LaunchScreen.storyboard in Resources */,
				978B83712477537100307D19 /* HabitsTableViewController.xib in Resources */,
				978B83722477537100307D19 /* HabitTableViewCell.xib in Resources */,
				97636D1A2458A11100A335C8 /* Assets.xcassets in Resources */,
				97636D182458A10E00A335C8 /* Main.storyboard in Resources */,
				978B83742477537100307D19 /* HabitDetailViewController.xib in Resources */,
				978B83692477537100307D19 /* ConfirmHabitViewController.xib in Resources */,
				978B83702477537100307D19 /* HabitImageCollectionViewCell.xib in Resources */,
				978B83672477537100307D19 /* AddHabitViewController.xib in Resources */,
			);
			runOnlyForDeploymentPostprocessing = 0;
		};
/* End PBXResourcesBuildPhase section */

/* Begin PBXSourcesBuildPhase section */
		97636D092458A10E00A335C8 /* Sources */ = {
			isa = PBXSourcesBuildPhase;
			buildActionMask = 2147483647;
			files = (
				97636D152458A10E00A335C8 /* UIViewControllerExtensions.swift in Sources */,
				978B836B2477537100307D19 /* AddHabitViewController.swift in Sources */,
				978B836A2477537100307D19 /* ConfirmHabitViewController.swift in Sources */,
				97636D112458A10E00A335C8 /* AppDelegate.swift in Sources */,
				978B836D2477537100307D19 /* HabitDetailViewController.swift in Sources */,
				978B83682477537100307D19 /* Habit.swift in Sources */,
				978B83732477537100307D19 /* PersistenceLayer.swift in Sources */,
				97636D132458A10E00A335C8 /* SceneDelegate.swift in Sources */,
				978B836C2477537100307D19 /* HabitImageCollectionViewCell.swift in Sources */,
				978B836F2477537100307D19 /* DateExtentions.swift in Sources */,
				978B83752477537100307D19 /* HabitTableViewCell.swift in Sources */,
				978B836E2477537100307D19 /* HabitsTableViewController.swift in Sources */,
			);
			runOnlyForDeploymentPostprocessing = 0;
		};
/* End PBXSourcesBuildPhase section */

/* Begin PBXVariantGroup section */
		97636D162458A10E00A335C8 /* Main.storyboard */ = {
			isa = PBXVariantGroup;
			children = (
				97636D172458A10E00A335C8 /* Base */,
			);
			name = Main.storyboard;
			sourceTree = "<group>";
		};
		97636D1B2458A11100A335C8 /* LaunchScreen.storyboard */ = {
			isa = PBXVariantGroup;
			children = (
				97636D1C2458A11100A335C8 /* Base */,
			);
			name = LaunchScreen.storyboard;
			sourceTree = "<group>";
		};
/* End PBXVariantGroup section */

/* Begin XCBuildConfiguration section */
		97636D1F2458A11100A335C8 /* Debug */ = {
			isa = XCBuildConfiguration;
			buildSettings = {
				ALWAYS_SEARCH_USER_PATHS = NO;
				CLANG_ANALYZER_NONNULL = YES;
				CLANG_ANALYZER_NUMBER_OBJECT_CONVERSION = YES_AGGRESSIVE;
				CLANG_CXX_LANGUAGE_STANDARD = "gnu++14";
				CLANG_CXX_LIBRARY = "libc++";
				CLANG_ENABLE_MODULES = YES;
				CLANG_ENABLE_OBJC_ARC = YES;
				CLANG_ENABLE_OBJC_WEAK = YES;
				CLANG_WARN_BLOCK_CAPTURE_AUTORELEASING = YES;
				CLANG_WARN_BOOL_CONVERSION = YES;
				CLANG_WARN_COMMA = YES;
				CLANG_WARN_CONSTANT_CONVERSION = YES;
				CLANG_WARN_DEPRECATED_OBJC_IMPLEMENTATIONS = YES;
				CLANG_WARN_DIRECT_OBJC_ISA_USAGE = YES_ERROR;
				CLANG_WARN_DOCUMENTATION_COMMENTS = YES;
				CLANG_WARN_EMPTY_BODY = YES;
				CLANG_WARN_ENUM_CONVERSION = YES;
				CLANG_WARN_INFINITE_RECURSION = YES;
				CLANG_WARN_INT_CONVERSION = YES;
				CLANG_WARN_NON_LITERAL_NULL_CONVERSION = YES;
				CLANG_WARN_OBJC_IMPLICIT_RETAIN_SELF = YES;
				CLANG_WARN_OBJC_LITERAL_CONVERSION = YES;
				CLANG_WARN_OBJC_ROOT_CLASS = YES_ERROR;
				CLANG_WARN_RANGE_LOOP_ANALYSIS = YES;
				CLANG_WARN_STRICT_PROTOTYPES = YES;
				CLANG_WARN_SUSPICIOUS_MOVE = YES;
				CLANG_WARN_UNGUARDED_AVAILABILITY = YES_AGGRESSIVE;
				CLANG_WARN_UNREACHABLE_CODE = YES;
				CLANG_WARN__DUPLICATE_METHOD_MATCH = YES;
				COPY_PHASE_STRIP = NO;
				DEBUG_INFORMATION_FORMAT = dwarf;
				ENABLE_STRICT_OBJC_MSGSEND = YES;
				ENABLE_TESTABILITY = YES;
				GCC_C_LANGUAGE_STANDARD = gnu11;
				GCC_DYNAMIC_NO_PIC = NO;
				GCC_NO_COMMON_BLOCKS = YES;
				GCC_OPTIMIZATION_LEVEL = 0;
				GCC_PREPROCESSOR_DEFINITIONS = (
					"DEBUG=1",
					"$(inherited)",
				);
				GCC_WARN_64_TO_32_BIT_CONVERSION = YES;
				GCC_WARN_ABOUT_RETURN_TYPE = YES_ERROR;
				GCC_WARN_UNDECLARED_SELECTOR = YES;
				GCC_WARN_UNINITIALIZED_AUTOS = YES_AGGRESSIVE;
				GCC_WARN_UNUSED_FUNCTION = YES;
				GCC_WARN_UNUSED_VARIABLE = YES;
				IPHONEOS_DEPLOYMENT_TARGET = 13.4;
				MTL_ENABLE_DEBUG_INFO = INCLUDE_SOURCE;
				MTL_FAST_MATH = YES;
				ONLY_ACTIVE_ARCH = YES;
				SDKROOT = iphoneos;
				SWIFT_ACTIVE_COMPILATION_CONDITIONS = DEBUG;
				SWIFT_OPTIMIZATION_LEVEL = "-Onone";
			};
			name = Debug;
		};
		97636D202458A11100A335C8 /* Release */ = {
			isa = XCBuildConfiguration;
			buildSettings = {
				ALWAYS_SEARCH_USER_PATHS = NO;
				CLANG_ANALYZER_NONNULL = YES;
				CLANG_ANALYZER_NUMBER_OBJECT_CONVERSION = YES_AGGRESSIVE;
				CLANG_CXX_LANGUAGE_STANDARD = "gnu++14";
				CLANG_CXX_LIBRARY = "libc++";
				CLANG_ENABLE_MODULES = YES;
				CLANG_ENABLE_OBJC_ARC = YES;
				CLANG_ENABLE_OBJC_WEAK = YES;
				CLANG_WARN_BLOCK_CAPTURE_AUTORELEASING = YES;
				CLANG_WARN_BOOL_CONVERSION = YES;
				CLANG_WARN_COMMA = YES;
				CLANG_WARN_CONSTANT_CONVERSION = YES;
				CLANG_WARN_DEPRECATED_OBJC_IMPLEMENTATIONS = YES;
				CLANG_WARN_DIRECT_OBJC_ISA_USAGE = YES_ERROR;
				CLANG_WARN_DOCUMENTATION_COMMENTS = YES;
				CLANG_WARN_EMPTY_BODY = YES;
				CLANG_WARN_ENUM_CONVERSION = YES;
				CLANG_WARN_INFINITE_RECURSION = YES;
				CLANG_WARN_INT_CONVERSION = YES;
				CLANG_WARN_NON_LITERAL_NULL_CONVERSION = YES;
				CLANG_WARN_OBJC_IMPLICIT_RETAIN_SELF = YES;
				CLANG_WARN_OBJC_LITERAL_CONVERSION = YES;
				CLANG_WARN_OBJC_ROOT_CLASS = YES_ERROR;
				CLANG_WARN_RANGE_LOOP_ANALYSIS = YES;
				CLANG_WARN_STRICT_PROTOTYPES = YES;
				CLANG_WARN_SUSPICIOUS_MOVE = YES;
				CLANG_WARN_UNGUARDED_AVAILABILITY = YES_AGGRESSIVE;
				CLANG_WARN_UNREACHABLE_CODE = YES;
				CLANG_WARN__DUPLICATE_METHOD_MATCH = YES;
				COPY_PHASE_STRIP = NO;
				DEBUG_INFORMATION_FORMAT = "dwarf-with-dsym";
				ENABLE_NS_ASSERTIONS = NO;
				ENABLE_STRICT_OBJC_MSGSEND = YES;
				GCC_C_LANGUAGE_STANDARD = gnu11;
				GCC_NO_COMMON_BLOCKS = YES;
				GCC_WARN_64_TO_32_BIT_CONVERSION = YES;
				GCC_WARN_ABOUT_RETURN_TYPE = YES_ERROR;
				GCC_WARN_UNDECLARED_SELECTOR = YES;
				GCC_WARN_UNINITIALIZED_AUTOS = YES_AGGRESSIVE;
				GCC_WARN_UNUSED_FUNCTION = YES;
				GCC_WARN_UNUSED_VARIABLE = YES;
				IPHONEOS_DEPLOYMENT_TARGET = 13.4;
				MTL_ENABLE_DEBUG_INFO = NO;
				MTL_FAST_MATH = YES;
				SDKROOT = iphoneos;
				SWIFT_COMPILATION_MODE = wholemodule;
				SWIFT_OPTIMIZATION_LEVEL = "-O";
				VALIDATE_PRODUCT = YES;
			};
			name = Release;
		};
		97636D222458A11100A335C8 /* Debug */ = {
			isa = XCBuildConfiguration;
			buildSettings = {
				ASSETCATALOG_COMPILER_APPICON_NAME = AppIcon;
				CODE_SIGN_STYLE = Automatic;
				DEVELOPMENT_TEAM = H5B545XA3T;
				INFOPLIST_FILE = Habitual/Info.plist;
				LD_RUNPATH_SEARCH_PATHS = (
					"$(inherited)",
					"@executable_path/Frameworks",
				);
				PRODUCT_BUNDLE_IDENTIFIER = com.makeschool.Habitual;
				PRODUCT_NAME = "$(TARGET_NAME)";
				SWIFT_VERSION = 5.0;
				TARGETED_DEVICE_FAMILY = "1,2";
			};
			name = Debug;
		};
		97636D232458A11100A335C8 /* Release */ = {
			isa = XCBuildConfiguration;
			buildSettings = {
				ASSETCATALOG_COMPILER_APPICON_NAME = AppIcon;
				CODE_SIGN_STYLE = Automatic;
				DEVELOPMENT_TEAM = H5B545XA3T;
				INFOPLIST_FILE = Habitual/Info.plist;
				LD_RUNPATH_SEARCH_PATHS = (
					"$(inherited)",
					"@executable_path/Frameworks",
				);
				PRODUCT_BUNDLE_IDENTIFIER = com.makeschool.Habitual;
				PRODUCT_NAME = "$(TARGET_NAME)";
				SWIFT_VERSION = 5.0;
				TARGETED_DEVICE_FAMILY = "1,2";
			};
			name = Release;
		};
/* End XCBuildConfiguration section */

/* Begin XCConfigurationList section */
		97636D082458A10E00A335C8 /* Build configuration list for PBXProject "Habitual" */ = {
			isa = XCConfigurationList;
			buildConfigurations = (
				97636D1F2458A11100A335C8 /* Debug */,
				97636D202458A11100A335C8 /* Release */,
			);
			defaultConfigurationIsVisible = 0;
			defaultConfigurationName = Release;
		};
		97636D212458A11100A335C8 /* Build configuration list for PBXNativeTarget "Habitual" */ = {
			isa = XCConfigurationList;
			buildConfigurations = (
				97636D222458A11100A335C8 /* Debug */,
				97636D232458A11100A335C8 /* Release */,
			);
			defaultConfigurationIsVisible = 0;
			defaultConfigurationName = Release;
		};
/* End XCConfigurationList section */
	};
	rootObject = 97636D052458A10E00A335C8 /* Project object */;
}
